
Microsoft Visual Studio Solution File, Format Version 12.00
# Visual Studio Version 17
VisualStudioVersion = 17.6.33801.468
MinimumVisualStudioVersion = 10.0.40219.1
Project("{FAE04EC0-301F-11D3-BF4B-00C04F79EFBC}") = "ToDoAPI", "ToDoAPI.csproj", "{4AAF3647-9A4C-4A89-9B6C-CD72C2D06152}"
EndProject
Global
	GlobalSection(SolutionConfigurationPlatforms) = preSolution
		Debug|Any CPU = Debug|Any CPU
		Release|Any CPU = Release|Any CPU
	EndGlobalSection
	GlobalSection(ProjectConfigurationPlatforms) = postSolution
		{4AAF3647-9A4C-4A89-9B6C-CD72C2D06152}.Debug|Any CPU.ActiveCfg = Debug|Any CPU
		{4AAF3647-9A4C-4A89-9B6C-CD72C2D06152}.Debug|Any CPU.Build.0 = Debug|Any CPU
		{4AAF3647-9A4C-4A89-9B6C-CD72C2D06152}.Release|Any CPU.ActiveCfg = Release|Any CPU
		{4AAF3647-9A4C-4A89-9B6C-CD72C2D06152}.Release|Any CPU.Build.0 = Release|Any CPU
	EndGlobalSection
	GlobalSection(SolutionProperties) = preSolution
		HideSolutionNode = FALSE
	EndGlobalSection
	GlobalSection(ExtensibilityGlobals) = postSolution
		SolutionGuid = {63F8E8AB-6AF0-400A-9502-D93B2C9312F2}
	EndGlobalSection
EndGlobal
